
Microsoft Visual Studio Solution File, Format Version 12.00
# Visual Studio Version 16
VisualStudioVersion = 16.0.30225.117
MinimumVisualStudioVersion = 10.0.40219.1
Project("{9A19103F-16F7-4668-BE54-9A1E7A4F7556}") = "0-Initial", "0-Initial\0-Initial.csproj", "{6AB8703C-6D4E-4E3F-AFB8-9F6074DD4E67}"
EndProject
Project("{9A19103F-16F7-4668-BE54-9A1E7A4F7556}") = "1-SplitMethod", "1-SplitMethod\1-SplitMethod.csproj", "{5C45BB40-247B-4E8F-AB12-E236D226EB15}"
EndProject
Project("{FAE04EC0-301F-11D3-BF4B-00C04F79EFBC}") = "2-SplitClass", "2-SplitClass\2-SplitClass.csproj", "{AC2D720C-9B8A-47C9-B578-AC8EB1F9C065}"
EndProject
Project("{FAE04EC0-301F-11D3-BF4B-00C04F79EFBC}") = "3-SplitCar", "3-CarInterface\3-SplitCar.csproj", "{6D552941-1767-48BA-9CDC-4D9065E13123}"
EndProject
Global
	GlobalSection(SolutionConfigurationPlatforms) = preSolution
		Debug|Any CPU = Debug|Any CPU
		Release|Any CPU = Release|Any CPU
	EndGlobalSection
	GlobalSection(ProjectConfigurationPlatforms) = postSolution
		{6AB8703C-6D4E-4E3F-AFB8-9F6074DD4E67}.Debug|Any CPU.ActiveCfg = Debug|Any CPU
		{6AB8703C-6D4E-4E3F-AFB8-9F6074DD4E67}.Debug|Any CPU.Build.0 = Debug|Any CPU
		{6AB8703C-6D4E-4E3F-AFB8-9F6074DD4E67}.Release|Any CPU.ActiveCfg = Release|Any CPU
		{6AB8703C-6D4E-4E3F-AFB8-9F6074DD4E67}.Release|Any CPU.Build.0 = Release|Any CPU
		{5C45BB40-247B-4E8F-AB12-E236D226EB15}.Debug|Any CPU.ActiveCfg = Debug|Any CPU
		{5C45BB40-247B-4E8F-AB12-E236D226EB15}.Debug|Any CPU.Build.0 = Debug|Any CPU
		{5C45BB40-247B-4E8F-AB12-E236D226EB15}.Release|Any CPU.ActiveCfg = Release|Any CPU
		{5C45BB40-247B-4E8F-AB12-E236D226EB15}.Release|Any CPU.Build.0 = Release|Any CPU
		{AC2D720C-9B8A-47C9-B578-AC8EB1F9C065}.Debug|Any CPU.ActiveCfg = Debug|Any CPU
		{AC2D720C-9B8A-47C9-B578-AC8EB1F9C065}.Debug|Any CPU.Build.0 = Debug|Any CPU
		{AC2D720C-9B8A-47C9-B578-AC8EB1F9C065}.Release|Any CPU.ActiveCfg = Release|Any CPU
		{AC2D720C-9B8A-47C9-B578-AC8EB1F9C065}.Release|Any CPU.Build.0 = Release|Any CPU
		{6D552941-1767-48BA-9CDC-4D9065E13123}.Debug|Any CPU.ActiveCfg = Debug|Any CPU
		{6D552941-1767-48BA-9CDC-4D9065E13123}.Debug|Any CPU.Build.0 = Debug|Any CPU
		{6D552941-1767-48BA-9CDC-4D9065E13123}.Release|Any CPU.ActiveCfg = Release|Any CPU
		{6D552941-1767-48BA-9CDC-4D9065E13123}.Release|Any CPU.Build.0 = Release|Any CPU
	EndGlobalSection
	GlobalSection(SolutionProperties) = preSolution
		HideSolutionNode = FALSE
	EndGlobalSection
	GlobalSection(ExtensibilityGlobals) = postSolution
		SolutionGuid = {4D1CE113-390B-4722-A81A-AE5DFEC32E50}
	EndGlobalSection
EndGlobal
