
Microsoft Visual Studio Solution File, Format Version 12.00
# Visual Studio Version 16
VisualStudioVersion = 16.0.30225.117
MinimumVisualStudioVersion = 10.0.40219.1
Project("{9A19103F-16F7-4668-BE54-9A1E7A4F7556}") = "0-Initial", "0-Initial\0-Initial.csproj", "{6AB8703C-6D4E-4E3F-AFB8-9F6074DD4E67}"
EndProject
Project("{9A19103F-16F7-4668-BE54-9A1E7A4F7556}") = "1-SplitMethod", "1-SplitMethod\1-SplitMethod.csproj", "{5C45BB40-247B-4E8F-AB12-E236D226EB15}"
EndProject
Project("{FAE04EC0-301F-11D3-BF4B-00C04F79EFBC}") = "2-SplitClass", "2-SplitClass\2-SplitClass.csproj", "{AC2D720C-9B8A-47C9-B578-AC8EB1F9C065}"
EndProject
Project("{9A19103F-16F7-4668-BE54-9A1E7A4F7556}") = "3-SplitCar", "3-SplitCar\3-SplitCar.csproj", "{299271EE-E581-4819-AC1E-20F3626E743D}"
EndProject
Project("{FAE04EC0-301F-11D3-BF4B-00C04F79EFBC}") = "4-ImplementInterface", "4-ImplementInterface\4-ImplementInterface.csproj", "{DA4C1085-930E-4525-992C-E338C28BE1C5}"
EndProject
Project("{FAE04EC0-301F-11D3-BF4B-00C04F79EFBC}") = "5-ImplementFactory", "5-ImplementFactory\5-ImplementFactory.csproj", "{EC893402-4FE1-4F47-811A-15C58DB40A7C}"
EndProject
Project("{FAE04EC0-301F-11D3-BF4B-00C04F79EFBC}") = "6-AddSirenInterfaceMethod", "6-AddSirenInterfaceMethod\6-AddSirenInterfaceMethod.csproj", "{C7021393-FA00-4AD3-988F-376CC8D6152D}"
EndProject
Global
	GlobalSection(SolutionConfigurationPlatforms) = preSolution
		Debug|Any CPU = Debug|Any CPU
		Release|Any CPU = Release|Any CPU
	EndGlobalSection
	GlobalSection(ProjectConfigurationPlatforms) = postSolution
		{6AB8703C-6D4E-4E3F-AFB8-9F6074DD4E67}.Debug|Any CPU.ActiveCfg = Debug|Any CPU
		{6AB8703C-6D4E-4E3F-AFB8-9F6074DD4E67}.Debug|Any CPU.Build.0 = Debug|Any CPU
		{6AB8703C-6D4E-4E3F-AFB8-9F6074DD4E67}.Release|Any CPU.ActiveCfg = Release|Any CPU
		{6AB8703C-6D4E-4E3F-AFB8-9F6074DD4E67}.Release|Any CPU.Build.0 = Release|Any CPU
		{5C45BB40-247B-4E8F-AB12-E236D226EB15}.Debug|Any CPU.ActiveCfg = Debug|Any CPU
		{5C45BB40-247B-4E8F-AB12-E236D226EB15}.Debug|Any CPU.Build.0 = Debug|Any CPU
		{5C45BB40-247B-4E8F-AB12-E236D226EB15}.Release|Any CPU.ActiveCfg = Release|Any CPU
		{5C45BB40-247B-4E8F-AB12-E236D226EB15}.Release|Any CPU.Build.0 = Release|Any CPU
		{AC2D720C-9B8A-47C9-B578-AC8EB1F9C065}.Debug|Any CPU.ActiveCfg = Debug|Any CPU
		{AC2D720C-9B8A-47C9-B578-AC8EB1F9C065}.Debug|Any CPU.Build.0 = Debug|Any CPU
		{AC2D720C-9B8A-47C9-B578-AC8EB1F9C065}.Release|Any CPU.ActiveCfg = Release|Any CPU
		{AC2D720C-9B8A-47C9-B578-AC8EB1F9C065}.Release|Any CPU.Build.0 = Release|Any CPU
		{299271EE-E581-4819-AC1E-20F3626E743D}.Debug|Any CPU.ActiveCfg = Debug|Any CPU
		{299271EE-E581-4819-AC1E-20F3626E743D}.Debug|Any CPU.Build.0 = Debug|Any CPU
		{299271EE-E581-4819-AC1E-20F3626E743D}.Release|Any CPU.ActiveCfg = Release|Any CPU
		{299271EE-E581-4819-AC1E-20F3626E743D}.Release|Any CPU.Build.0 = Release|Any CPU
		{DA4C1085-930E-4525-992C-E338C28BE1C5}.Debug|Any CPU.ActiveCfg = Debug|Any CPU
		{DA4C1085-930E-4525-992C-E338C28BE1C5}.Debug|Any CPU.Build.0 = Debug|Any CPU
		{DA4C1085-930E-4525-992C-E338C28BE1C5}.Release|Any CPU.ActiveCfg = Release|Any CPU
		{DA4C1085-930E-4525-992C-E338C28BE1C5}.Release|Any CPU.Build.0 = Release|Any CPU
		{EC893402-4FE1-4F47-811A-15C58DB40A7C}.Debug|Any CPU.ActiveCfg = Debug|Any CPU
		{EC893402-4FE1-4F47-811A-15C58DB40A7C}.Debug|Any CPU.Build.0 = Debug|Any CPU
		{EC893402-4FE1-4F47-811A-15C58DB40A7C}.Release|Any CPU.ActiveCfg = Release|Any CPU
		{EC893402-4FE1-4F47-811A-15C58DB40A7C}.Release|Any CPU.Build.0 = Release|Any CPU
		{C7021393-FA00-4AD3-988F-376CC8D6152D}.Debug|Any CPU.ActiveCfg = Debug|Any CPU
		{C7021393-FA00-4AD3-988F-376CC8D6152D}.Debug|Any CPU.Build.0 = Debug|Any CPU
		{C7021393-FA00-4AD3-988F-376CC8D6152D}.Release|Any CPU.ActiveCfg = Release|Any CPU
		{C7021393-FA00-4AD3-988F-376CC8D6152D}.Release|Any CPU.Build.0 = Release|Any CPU
	EndGlobalSection
	GlobalSection(SolutionProperties) = preSolution
		HideSolutionNode = FALSE
	EndGlobalSection
	GlobalSection(ExtensibilityGlobals) = postSolution
		SolutionGuid = {4D1CE113-390B-4722-A81A-AE5DFEC32E50}
	EndGlobalSection
EndGlobal
